
Microsoft Visual Studio Solution File, Format Version 12.00
# Visual Studio 14
VisualStudioVersion = 14.0.25420.1
MinimumVisualStudioVersion = 10.0.40219.1
Project("{FAE04EC0-301F-11D3-BF4B-00C04F79EFBC}") = "InternetBar", "InternetBar\InternetBar.csproj", "{6288C8AE-2079-4427-B7F4-29C0C96E6B52}"
EndProject
Project("{FAE04EC0-301F-11D3-BF4B-00C04F79EFBC}") = "InternetBarDAL", "InternetBarDAL\InternetBarDAL.csproj", "{FBC48B50-1FC3-448F-AEE9-DB3D77F15A7A}"
EndProject
Project("{FAE04EC0-301F-11D3-BF4B-00C04F79EFBC}") = "InternetBarBLL", "InternetBarBLL\InternetBarBLL.csproj", "{0B49F202-CE1D-4885-B722-458E09C20FBE}"
EndProject
Global
	GlobalSection(SolutionConfigurationPlatforms) = preSolution
		Debug|Any CPU = Debug|Any CPU
		Release|Any CPU = Release|Any CPU
	EndGlobalSection
	GlobalSection(ProjectConfigurationPlatforms) = postSolution
		{6288C8AE-2079-4427-B7F4-29C0C96E6B52}.Debug|Any CPU.ActiveCfg = Debug|Any CPU
		{6288C8AE-2079-4427-B7F4-29C0C96E6B52}.Debug|Any CPU.Build.0 = Debug|Any CPU
		{6288C8AE-2079-4427-B7F4-29C0C96E6B52}.Release|Any CPU.ActiveCfg = Release|Any CPU
		{6288C8AE-2079-4427-B7F4-29C0C96E6B52}.Release|Any CPU.Build.0 = Release|Any CPU
		{FBC48B50-1FC3-448F-AEE9-DB3D77F15A7A}.Debug|Any CPU.ActiveCfg = Debug|Any CPU
		{FBC48B50-1FC3-448F-AEE9-DB3D77F15A7A}.Debug|Any CPU.Build.0 = Debug|Any CPU
		{FBC48B50-1FC3-448F-AEE9-DB3D77F15A7A}.Release|Any CPU.ActiveCfg = Release|Any CPU
		{FBC48B50-1FC3-448F-AEE9-DB3D77F15A7A}.Release|Any CPU.Build.0 = Release|Any CPU
		{0B49F202-CE1D-4885-B722-458E09C20FBE}.Debug|Any CPU.ActiveCfg = Debug|Any CPU
		{0B49F202-CE1D-4885-B722-458E09C20FBE}.Debug|Any CPU.Build.0 = Debug|Any CPU
		{0B49F202-CE1D-4885-B722-458E09C20FBE}.Release|Any CPU.ActiveCfg = Release|Any CPU
		{0B49F202-CE1D-4885-B722-458E09C20FBE}.Release|Any CPU.Build.0 = Release|Any CPU
	EndGlobalSection
	GlobalSection(SolutionProperties) = preSolution
		HideSolutionNode = FALSE
	EndGlobalSection
EndGlobal
